
Microsoft Visual Studio Solution File, Format Version 12.00
# Visual Studio Version 17
VisualStudioVersion = 17.9.34728.123
MinimumVisualStudioVersion = 10.0.40219.1
Project("{FAE04EC0-301F-11D3-BF4B-00C04F79EFBC}") = "MarsSpecFlowProject", "MarsSpecFlowProject\MarsSpecFlowProject.csproj", "{7647E451-0930-4E44-8009-71F788F91D6F}"
EndProject
Global
	GlobalSection(SolutionConfigurationPlatforms) = preSolution
		Debug|Any CPU = Debug|Any CPU
		Release|Any CPU = Release|Any CPU
	EndGlobalSection
	GlobalSection(ProjectConfigurationPlatforms) = postSolution
		{7647E451-0930-4E44-8009-71F788F91D6F}.Debug|Any CPU.ActiveCfg = Debug|Any CPU
		{7647E451-0930-4E44-8009-71F788F91D6F}.Debug|Any CPU.Build.0 = Debug|Any CPU
		{7647E451-0930-4E44-8009-71F788F91D6F}.Release|Any CPU.ActiveCfg = Release|Any CPU
		{7647E451-0930-4E44-8009-71F788F91D6F}.Release|Any CPU.Build.0 = Release|Any CPU
	EndGlobalSection
	GlobalSection(SolutionProperties) = preSolution
		HideSolutionNode = FALSE
	EndGlobalSection
	GlobalSection(ExtensibilityGlobals) = postSolution
		SolutionGuid = {B8C69DD6-642F-4C67-8EA7-1401F1A473E1}
	EndGlobalSection
EndGlobal
