
Microsoft Visual Studio Solution File, Format Version 12.00
# Visual Studio Version 17
VisualStudioVersion = 17.9.34728.123
MinimumVisualStudioVersion = 10.0.40219.1
Project("{FAE04EC0-301F-11D3-BF4B-00C04F79EFBC}") = "SpecFlowProjectMars", "SpecFlowProjectMars.csproj", "{91310FDE-42F0-41EB-AA0E-C05627036FAD}"
EndProject
Global
	GlobalSection(SolutionConfigurationPlatforms) = preSolution
		Debug|Any CPU = Debug|Any CPU
		Release|Any CPU = Release|Any CPU
	EndGlobalSection
	GlobalSection(ProjectConfigurationPlatforms) = postSolution
		{91310FDE-42F0-41EB-AA0E-C05627036FAD}.Debug|Any CPU.ActiveCfg = Debug|Any CPU
		{91310FDE-42F0-41EB-AA0E-C05627036FAD}.Debug|Any CPU.Build.0 = Debug|Any CPU
		{91310FDE-42F0-41EB-AA0E-C05627036FAD}.Release|Any CPU.ActiveCfg = Release|Any CPU
		{91310FDE-42F0-41EB-AA0E-C05627036FAD}.Release|Any CPU.Build.0 = Release|Any CPU
	EndGlobalSection
	GlobalSection(SolutionProperties) = preSolution
		HideSolutionNode = FALSE
	EndGlobalSection
	GlobalSection(ExtensibilityGlobals) = postSolution
		SolutionGuid = {82B5463F-68D6-4F77-92E2-D13E8A899AFB}
	EndGlobalSection
EndGlobal
