
Microsoft Visual Studio Solution File, Format Version 12.00
# Visual Studio Version 17
VisualStudioVersion = 17.7.34221.43
MinimumVisualStudioVersion = 10.0.40219.1
Project("{FAE04EC0-301F-11D3-BF4B-00C04F79EFBC}") = "AdvancedTask-Sprint-1", "AdvancedTask-Sprint-1\AdvancedTask-Sprint-1.csproj", "{BA1D87DE-E098-477D-A43A-348461F5D9BF}"
EndProject
Global
	GlobalSection(SolutionConfigurationPlatforms) = preSolution
		Debug|Any CPU = Debug|Any CPU
		Release|Any CPU = Release|Any CPU
	EndGlobalSection
	GlobalSection(ProjectConfigurationPlatforms) = postSolution
		{BA1D87DE-E098-477D-A43A-348461F5D9BF}.Debug|Any CPU.ActiveCfg = Debug|Any CPU
		{BA1D87DE-E098-477D-A43A-348461F5D9BF}.Debug|Any CPU.Build.0 = Debug|Any CPU
		{BA1D87DE-E098-477D-A43A-348461F5D9BF}.Release|Any CPU.ActiveCfg = Release|Any CPU
		{BA1D87DE-E098-477D-A43A-348461F5D9BF}.Release|Any CPU.Build.0 = Release|Any CPU
	EndGlobalSection
	GlobalSection(SolutionProperties) = preSolution
		HideSolutionNode = FALSE
	EndGlobalSection
	GlobalSection(ExtensibilityGlobals) = postSolution
		SolutionGuid = {0061BF76-A851-47D0-8BE0-0A9EBE0A4FA5}
	EndGlobalSection
EndGlobal
